Microsoft Visual Studio Solution File, Format Version 12.00
# Visual Studio Version 18
VisualStudioVersion = 18.10.12217.157
MinimumVisualStudioVersion = 10.0.40219.1
Project("{8BC9CEB8-8B4A-11D0-8D11-00A0C91BC942}") = "Lobby_Server", "Server\Lobby_Server\Lobby_Server.vcxproj", "{4796CFD7-1A27-4D78-8CAF-189CC71132F1}"
EndProject
Project("{8BC9CEB8-8B4A-11D0-8D11-00A0C91BC942}") = "Game_Server", "Server\Game_Server\Game_Server.vcxproj", "{F0157282-10FD-41EB-A7FB-00CFB0684521}"
EndProject
Project("{8BC9CEB8-8B4A-11D0-8D11-00A0C91BC942}") = "WarOfDimension", "Client\WarOfDimension\WarOfDimension.vcxproj", "{1EB15378-08E5-4968-8822-783E90677599}"
EndProject
Global
	GlobalSection(SolutionConfigurationPlatforms) = preSolution
		Debug|x64 = Debug|x64
		Release|x64 = Release|x64
	EndGlobalSection
	GlobalSection(ProjectConfigurationPlatforms) = postSolution
		{4796CFD7-1A27-4D78-8CAF-189CC71132F1}.Debug|x64.ActiveCfg = Debug|x64
		{4796CFD7-1A27-4D78-8CAF-189CC71132F1}.Debug|x64.Build.0 = Debug|x64
		{4796CFD7-1A27-4D78-8CAF-189CC71132F1}.Release|x64.ActiveCfg = Release|x64
		{4796CFD7-1A27-4D78-8CAF-189CC71132F1}.Release|x64.Build.0 = Release|x64
		{F0157282-10FD-41EB-A7FB-00CFB0684521}.Debug|x64.ActiveCfg = Debug|x64
		{F0157282-10FD-41EB-A7FB-00CFB0684521}.Debug|x64.Build.0 = Debug|x64
		{F0157282-10FD-41EB-A7FB-00CFB0684521}.Release|x64.ActiveCfg = Release|x64
		{F0157282-10FD-41EB-A7FB-00CFB0684521}.Release|x64.Build.0 = Release|x64
		{1EB15378-08E5-4968-8822-783E90677599}.Debug|x64.ActiveCfg = Debug|x64
		{1EB15378-08E5-4968-8822-783E90677599}.Debug|x64.Build.0 = Debug|x64
		{1EB15378-08E5-4968-8822-783E90677599}.Release|x64.ActiveCfg = Release|x64
		{1EB15378-08E5-4968-8822-783E90677599}.Release|x64.Build.0 = Release|x64
	EndGlobalSection
	GlobalSection(SolutionProperties) = preSolution
		HideSolutionNode = FALSE
	EndGlobalSection
EndGlobal
