
Microsoft Visual Studio Solution File, Format Version 12.00
# Visual Studio Version 18
VisualStudioVersion = 18.10.12217.157
MinimumVisualStudioVersion = 18.10.12217.157
Project("{8BC9CEB8-8B4A-11D0-8D11-00A0C91BC942}") = "WOD", "WOD.vcxproj", "{968C5F9D-1EE1-4F61-8617-C3EC1F277DF7}"
EndProject
Global
	GlobalSection(SolutionConfigurationPlatforms) = preSolution
		Debug|x64 = Debug|x64
		Debug|x86 = Debug|x86
		Release|x64 = Release|x64
		Release|x86 = Release|x86
	EndGlobalSection
	GlobalSection(ProjectConfigurationPlatforms) = postSolution
		{968C5F9D-1EE1-4F61-8617-C3EC1F277DF7}.Debug|x64.ActiveCfg = Debug|x64
		{968C5F9D-1EE1-4F61-8617-C3EC1F277DF7}.Debug|x64.Build.0 = Debug|x64
		{968C5F9D-1EE1-4F61-8617-C3EC1F277DF7}.Debug|x86.ActiveCfg = Debug|Win32
		{968C5F9D-1EE1-4F61-8617-C3EC1F277DF7}.Debug|x86.Build.0 = Debug|Win32
		{968C5F9D-1EE1-4F61-8617-C3EC1F277DF7}.Release|x64.ActiveCfg = Release|x64
		{968C5F9D-1EE1-4F61-8617-C3EC1F277DF7}.Release|x64.Build.0 = Release|x64
		{968C5F9D-1EE1-4F61-8617-C3EC1F277DF7}.Release|x86.ActiveCfg = Release|Win32
		{968C5F9D-1EE1-4F61-8617-C3EC1F277DF7}.Release|x86.Build.0 = Release|Win32
	EndGlobalSection
	GlobalSection(SolutionProperties) = preSolution
		HideSolutionNode = FALSE
	EndGlobalSection
	GlobalSection(ExtensibilityGlobals) = postSolution
		SolutionGuid = {28E59CEE-2799-4230-B34E-DA5B6E0B534B}
	EndGlobalSection
EndGlobal
